PODS:
  - Apollo (0.9.4):
    - Apollo/Core (= 0.9.4)
  - Apollo/Core (0.9.4)
  - Cache (5.2.0)
  - Imaginary (4.2.0):
    - Cache (~> 5.0)
  - JGProgressHUD (2.0.3)
  - LGButton (1.1.1)
  - PickerPopupDialog (0.1.5)
  - QuickTableViewController (1.0.0)

DEPENDENCIES:
  - Apollo (~> 0.9)
  - Imaginary (~> 4.2)
  - JGProgressHUD
  - LGButton
  - PickerPopupDialog
  - QuickTableViewController

SPEC REPOS:
  https://github.com/cocoapods/specs.git:
    - Apollo
    - Cache
    - Imaginary
    - JGProgressHUD
    - LGButton
    - PickerPopupDialog
    - QuickTableViewController

SPEC CHECKSUMS:
  Apollo: 450856adbdebcdf28c3c671f81732ac3f9944065
  Cache: 807c5d86d01a177f06ede9865add3aea269bbfd4
  Imaginary: dae33d06dbc2ada22f98afef5eb45cc061311a2c
  JGProgressHUD: 12b20a8f4ffe05258f8635c1ab92816e451f904d
  LGButton: e6ce060e89ffbf9c72fd30139c14865b205f836c
  PickerPopupDialog: 3a9a3a0545ca3fd9a056db039fda04e63b0fc4cb
  QuickTableViewController: a49fb6dc5623b9dbe301a03ac5c563099e234fbc

PODFILE CHECKSUM: 67792a40fec34ce87c56499600ea2d6bf247b2eb

COCOAPODS: 1.5.3
